// !$*UTF8*$!
{
	archiveVersion = 1;
	classes = {
	};
	objectVersion = 56;
	objects = {

/* Begin PBXBuildFile section */
		A07D404D2C355C1B0058B04A /* Cripto_SwiftApp.swift in Sources */ = {isa = PBXBuildFile; fileRef = A07D404C2C355C1B0058B04A /* Cripto_SwiftApp.swift */; };
		A07D404F2C355C1B0058B04A /* ContentView.swift in Sources */ = {isa = PBXBuildFile; fileRef = A07D404E2C355C1B0058B04A /* ContentView.swift */; };
		A07D40512C355C1D0058B04A /* Assets.xcassets in Resources */ = {isa = PBXBuildFile; fileRef = A07D40502C355C1D0058B04A /* Assets.xcassets */; };
		A07D40542C355C1D0058B04A /* Preview Assets.xcassets in Resources */ = {isa = PBXBuildFile; fileRef = A07D40532C355C1D0058B04A /* Preview Assets.xcassets */; };
		A07D405E2C355C1D0058B04A /* Cripto_SwiftTests.swift in Sources */ = {isa = PBXBuildFile; fileRef = A07D405D2C355C1D0058B04A /* Cripto_SwiftTests.swift */; };
		A07D40682C355C1D0058B04A /* Cripto_SwiftUITests.swift in Sources */ = {isa = PBXBuildFile; fileRef = A07D40672C355C1D0058B04A /* Cripto_SwiftUITests.swift */; };
		A07D406A2C355C1D0058B04A /* Cripto_SwiftUITestsLaunchTests.swift in Sources */ = {isa = PBXBuildFile; fileRef = A07D40692C355C1D0058B04A /* Cripto_SwiftUITestsLaunchTests.swift */; };
		A07D40802C355CB70058B04A /* HomeView.swift in Sources */ = {isa = PBXBuildFile; fileRef = A07D407F2C355CB70058B04A /* HomeView.swift */; };
		A07D40822C355CCE0058B04A /* HomeViewModel.swift in Sources */ = {isa = PBXBuildFile; fileRef = A07D40812C355CCE0058B04A /* HomeViewModel.swift */; };
		A07D40842C355DDF0058B04A /* TopMoversView.swift in Sources */ = {isa = PBXBuildFile; fileRef = A07D40832C355DDF0058B04A /* TopMoversView.swift */; };
		A07D40862C355DF00058B04A /* TopMoversItemView.swift in Sources */ = {isa = PBXBuildFile; fileRef = A07D40852C355DF00058B04A /* TopMoversItemView.swift */; };
		A07D40882C3564820058B04A /* CoinListView.swift in Sources */ = {isa = PBXBuildFile; fileRef = A07D40872C3564820058B04A /* CoinListView.swift */; };
		A07D408A2C3564930058B04A /* CoinListRowView.swift in Sources */ = {isa = PBXBuildFile; fileRef = A07D40892C3564930058B04A /* CoinListRowView.swift */; };
		A07D408C2C357D0B0058B04A /* Constants.swift in Sources */ = {isa = PBXBuildFile; fileRef = A07D408B2C357D0B0058B04A /* Constants.swift */; };
		A07D408E2C3580110058B04A /* Coin.swift in Sources */ = {isa = PBXBuildFile; fileRef = A07D408D2C3580110058B04A /* Coin.swift */; };
		A07D40912C369B5B0058B04A /* Kingfisher in Frameworks */ = {isa = PBXBuildFile; productRef = A07D40902C369B5B0058B04A /* Kingfisher */; };
		A07D40932C369F0C0058B04A /* Double+Extention.swift in Sources */ = {isa = PBXBuildFile; fileRef = A07D40922C369F0C0058B04A /* Double+Extention.swift */; };
/* End PBXBuildFile section */

/* Begin PBXContainerItemProxy section */
		A07D405A2C355C1D0058B04A /* PBXContainerItemProxy */ = {
			isa = PBXContainerItemProxy;
			containerPortal = A07D40412C355C1B0058B04A /* Project object */;
			proxyType = 1;
			remoteGlobalIDString = A07D40482C355C1B0058B04A;
			remoteInfo = "Cripto-Swift";
		};
		A07D40642C355C1D0058B04A /* PBXContainerItemProxy */ = {
			isa = PBXContainerItemProxy;
			containerPortal = A07D40412C355C1B0058B04A /* Project object */;
			proxyType = 1;
			remoteGlobalIDString = A07D40482C355C1B0058B04A;
			remoteInfo = "Cripto-Swift";
		};
/* End PBXContainerItemProxy section */

/* Begin PBXFileReference section */
		A07D40492C355C1B0058B04A /* Cripto-Swift.app */ = {isa = PBXFileReference; explicitFileType = wrapper.application; includeInIndex = 0; path = "Cripto-Swift.app"; sourceTree = BUILT_PRODUCTS_DIR; };
		A07D404C2C355C1B0058B04A /* Cripto_SwiftApp.swift */ = {isa = PBXFileReference; lastKnownFileType = sourcecode.swift; path = Cripto_SwiftApp.swift; sourceTree = "<group>"; };
		A07D404E2C355C1B0058B04A /* ContentView.swift */ = {isa = PBXFileReference; lastKnownFileType = sourcecode.swift; path = ContentView.swift; sourceTree = "<group>"; };
		A07D40502C355C1D0058B04A /* Assets.xcassets */ = {isa = PBXFileReference; lastKnownFileType = folder.assetcatalog; path = Assets.xcassets; sourceTree = "<group>"; };
		A07D40532C355C1D0058B04A /* Preview Assets.xcassets */ = {isa = PBXFileReference; lastKnownFileType = folder.assetcatalog; path = "Preview Assets.xcassets"; sourceTree = "<group>"; };
		A07D40592C355C1D0058B04A /* Cripto-SwiftTests.xctest */ = {isa = PBXFileReference; explicitFileType = wrapper.cfbundle; includeInIndex = 0; path = "Cripto-SwiftTests.xctest"; sourceTree = BUILT_PRODUCTS_DIR; };
		A07D405D2C355C1D0058B04A /* Cripto_SwiftTests.swift */ = {isa = PBXFileReference; lastKnownFileType = sourcecode.swift; path = Cripto_SwiftTests.swift; sourceTree = "<group>"; };
		A07D40632C355C1D0058B04A /* Cripto-SwiftUITests.xctest */ = {isa = PBXFileReference; explicitFileType = wrapper.cfbundle; includeInIndex = 0; path = "Cripto-SwiftUITests.xctest"; sourceTree = BUILT_PRODUCTS_DIR; };
		A07D40672C355C1D0058B04A /* Cripto_SwiftUITests.swift */ = {isa = PBXFileReference; lastKnownFileType = sourcecode.swift; path = Cripto_SwiftUITests.swift; sourceTree = "<group>"; };
		A07D40692C355C1D0058B04A /* Cripto_SwiftUITestsLaunchTests.swift */ = {isa = PBXFileReference; lastKnownFileType = sourcecode.swift; path = Cripto_SwiftUITestsLaunchTests.swift; sourceTree = "<group>"; };
		A07D407F2C355CB70058B04A /* HomeView.swift */ = {isa = PBXFileReference; lastKnownFileType = sourcecode.swift; path = HomeView.swift; sourceTree = "<group>"; };
		A07D40812C355CCE0058B04A /* HomeViewModel.swift */ = {isa = PBXFileReference; lastKnownFileType = sourcecode.swift; path = HomeViewModel.swift; sourceTree = "<group>"; };
		A07D40832C355DDF0058B04A /* TopMoversView.swift */ = {isa = PBXFileReference; lastKnownFileType = sourcecode.swift; path = TopMoversView.swift; sourceTree = "<group>"; };
		A07D40852C355DF00058B04A /* TopMoversItemView.swift */ = {isa = PBXFileReference; lastKnownFileType = sourcecode.swift; path = TopMoversItemView.swift; sourceTree = "<group>"; };
		A07D40872C3564820058B04A /* CoinListView.swift */ = {isa = PBXFileReference; lastKnownFileType = sourcecode.swift; path = CoinListView.swift; sourceTree = "<group>"; };
		A07D40892C3564930058B04A /* CoinListRowView.swift */ = {isa = PBXFileReference; lastKnownFileType = sourcecode.swift; path = CoinListRowView.swift; sourceTree = "<group>"; };
		A07D408B2C357D0B0058B04A /* Constants.swift */ = {isa = PBXFileReference; lastKnownFileType = sourcecode.swift; path = Constants.swift; sourceTree = "<group>"; };
		A07D408D2C3580110058B04A /* Coin.swift */ = {isa = PBXFileReference; lastKnownFileType = sourcecode.swift; path = Coin.swift; sourceTree = "<group>"; };
		A07D40922C369F0C0058B04A /* Double+Extention.swift */ = {isa = PBXFileReference; lastKnownFileType = sourcecode.swift; path = "Double+Extention.swift"; sourceTree = "<group>"; };
/* End PBXFileReference section */

/* Begin PBXFrameworksBuildPhase section */
		A07D40462C355C1B0058B04A /* Frameworks */ = {
			isa = PBXFrameworksBuildPhase;
			buildActionMask = 2147483647;
			files = (
				A07D40912C369B5B0058B04A /* Kingfisher in Frameworks */,
			);
			runOnlyForDeploymentPostprocessing = 0;
		};
		A07D40562C355C1D0058B04A /* Frameworks */ = {
			isa = PBXFrameworksBuildPhase;
			buildActionMask = 2147483647;
			files = (
			);
			runOnlyForDeploymentPostprocessing = 0;
		};
		A07D40602C355C1D0058B04A /* Frameworks */ = {
			isa = PBXFrameworksBuildPhase;
			buildActionMask = 2147483647;
			files = (
			);
			runOnlyForDeploymentPostprocessing = 0;
		};
/* End PBXFrameworksBuildPhase section */

/* Begin PBXGroup section */
		A07D40402C355C1B0058B04A = {
			isa = PBXGroup;
			children = (
				A07D404B2C355C1B0058B04A /* Cripto-Swift */,
				A07D405C2C355C1D0058B04A /* Cripto-SwiftTests */,
				A07D40662C355C1D0058B04A /* Cripto-SwiftUITests */,
				A07D404A2C355C1B0058B04A /* Products */,
			);
			sourceTree = "<group>";
		};
		A07D404A2C355C1B0058B04A /* Products */ = {
			isa = PBXGroup;
			children = (
				A07D40492C355C1B0058B04A /* Cripto-Swift.app */,
				A07D40592C355C1D0058B04A /* Cripto-SwiftTests.xctest */,
				A07D40632C355C1D0058B04A /* Cripto-SwiftUITests.xctest */,
			);
			name = Products;
			sourceTree = "<group>";
		};
		A07D404B2C355C1B0058B04A /* Cripto-Swift */ = {
			isa = PBXGroup;
			children = (
				A07D407C2C355C4D0058B04A /* Model */,
				A07D407B2C355C420058B04A /* Extentions */,
				A07D40782C355C290058B04A /* Core */,
				A07D40772C355C290058B04A /* Utils */,
				A07D40762C355C280058B04A /* App */,
				A07D404E2C355C1B0058B04A /* ContentView.swift */,
				A07D40502C355C1D0058B04A /* Assets.xcassets */,
				A07D40522C355C1D0058B04A /* Preview Content */,
			);
			path = "Cripto-Swift";
			sourceTree = "<group>";
		};
		A07D40522C355C1D0058B04A /* Preview Content */ = {
			isa = PBXGroup;
			children = (
				A07D40532C355C1D0058B04A /* Preview Assets.xcassets */,
			);
			path = "Preview Content";
			sourceTree = "<group>";
		};
		A07D405C2C355C1D0058B04A /* Cripto-SwiftTests */ = {
			isa = PBXGroup;
			children = (
				A07D405D2C355C1D0058B04A /* Cripto_SwiftTests.swift */,
			);
			path = "Cripto-SwiftTests";
			sourceTree = "<group>";
		};
		A07D40662C355C1D0058B04A /* Cripto-SwiftUITests */ = {
			isa = PBXGroup;
			children = (
				A07D40672C355C1D0058B04A /* Cripto_SwiftUITests.swift */,
				A07D40692C355C1D0058B04A /* Cripto_SwiftUITestsLaunchTests.swift */,
			);
			path = "Cripto-SwiftUITests";
			sourceTree = "<group>";
		};
		A07D40762C355C280058B04A /* App */ = {
			isa = PBXGroup;
			children = (
				A07D404C2C355C1B0058B04A /* Cripto_SwiftApp.swift */,
			);
			path = App;
			sourceTree = "<group>";
		};
		A07D40772C355C290058B04A /* Utils */ = {
			isa = PBXGroup;
			children = (
				A07D408B2C357D0B0058B04A /* Constants.swift */,
			);
			path = Utils;
			sourceTree = "<group>";
		};
		A07D40782C355C290058B04A /* Core */ = {
			isa = PBXGroup;
			children = (
				A07D407A2C355C290058B04A /* Home */,
			);
			name = Core;
			sourceTree = "<group>";
		};
		A07D407A2C355C290058B04A /* Home */ = {
			isa = PBXGroup;
			children = (
				A07D407E2C355C940058B04A /* View */,
				A07D407D2C355C930058B04A /* ViewModel */,
			);
			name = Home;
			sourceTree = "<group>";
		};
		A07D407B2C355C420058B04A /* Extentions */ = {
			isa = PBXGroup;
			children = (
				A07D40922C369F0C0058B04A /* Double+Extention.swift */,
			);
			path = Extentions;
			sourceTree = "<group>";
		};
		A07D407C2C355C4D0058B04A /* Model */ = {
			isa = PBXGroup;
			children = (
				A07D408D2C3580110058B04A /* Coin.swift */,
			);
			path = Model;
			sourceTree = "<group>";
		};
		A07D407D2C355C930058B04A /* ViewModel */ = {
			isa = PBXGroup;
			children = (
				A07D40812C355CCE0058B04A /* HomeViewModel.swift */,
			);
			name = ViewModel;
			sourceTree = "<group>";
		};
		A07D407E2C355C940058B04A /* View */ = {
			isa = PBXGroup;
			children = (
				A07D407F2C355CB70058B04A /* HomeView.swift */,
				A07D40832C355DDF0058B04A /* TopMoversView.swift */,
				A07D40852C355DF00058B04A /* TopMoversItemView.swift */,
				A07D40872C3564820058B04A /* CoinListView.swift */,
				A07D40892C3564930058B04A /* CoinListRowView.swift */,
			);
			name = View;
			sourceTree = "<group>";
		};
/* End PBXGroup section */

/* Begin PBXNativeTarget section */
		A07D40482C355C1B0058B04A /* Cripto-Swift */ = {
			isa = PBXNativeTarget;
			buildConfigurationList = A07D406D2C355C1D0058B04A /* Build configuration list for PBXNativeTarget "Cripto-Swift" */;
			buildPhases = (
				A07D40452C355C1B0058B04A /* Sources */,
				A07D40462C355C1B0058B04A /* Frameworks */,
				A07D40472C355C1B0058B04A /* Resources */,
			);
			buildRules = (
			);
			dependencies = (
			);
			name = "Cripto-Swift";
			packageProductDependencies = (
				A07D40902C369B5B0058B04A /* Kingfisher */,
			);
			productName = "Cripto-Swift";
			productReference = A07D40492C355C1B0058B04A /* Cripto-Swift.app */;
			productType = "com.apple.product-type.application";
		};
		A07D40582C355C1D0058B04A /* Cripto-SwiftTests */ = {
			isa = PBXNativeTarget;
			buildConfigurationList = A07D40702C355C1D0058B04A /* Build configuration list for PBXNativeTarget "Cripto-SwiftTests" */;
			buildPhases = (
				A07D40552C355C1D0058B04A /* Sources */,
				A07D40562C355C1D0058B04A /* Frameworks */,
				A07D40572C355C1D0058B04A /* Resources */,
			);
			buildRules = (
			);
			dependencies = (
				A07D405B2C355C1D0058B04A /* PBXTargetDependency */,
			);
			name = "Cripto-SwiftTests";
			productName = "Cripto-SwiftTests";
			productReference = A07D40592C355C1D0058B04A /* Cripto-SwiftTests.xctest */;
			productType = "com.apple.product-type.bundle.unit-test";
		};
		A07D40622C355C1D0058B04A /* Cripto-SwiftUITests */ = {
			isa = PBXNativeTarget;
			buildConfigurationList = A07D40732C355C1D0058B04A /* Build configuration list for PBXNativeTarget "Cripto-SwiftUITests" */;
			buildPhases = (
				A07D405F2C355C1D0058B04A /* Sources */,
				A07D40602C355C1D0058B04A /* Frameworks */,
				A07D40612C355C1D0058B04A /* Resources */,
			);
			buildRules = (
			);
			dependencies = (
				A07D40652C355C1D0058B04A /* PBXTargetDependency */,
			);
			name = "Cripto-SwiftUITests";
			productName = "Cripto-SwiftUITests";
			productReference = A07D40632C355C1D0058B04A /* Cripto-SwiftUITests.xctest */;
			productType = "com.apple.product-type.bundle.ui-testing";
		};
/* End PBXNativeTarget section */

/* Begin PBXProject section */
		A07D40412C355C1B0058B04A /* Project object */ = {
			isa = PBXProject;
			attributes = {
				BuildIndependentTargetsInParallel = 1;
				LastSwiftUpdateCheck = 1540;
				LastUpgradeCheck = 1540;
				TargetAttributes = {
					A07D40482C355C1B0058B04A = {
						CreatedOnToolsVersion = 15.4;
					};
					A07D40582C355C1D0058B04A = {
						CreatedOnToolsVersion = 15.4;
						TestTargetID = A07D40482C355C1B0058B04A;
					};
					A07D40622C355C1D0058B04A = {
						CreatedOnToolsVersion = 15.4;
						TestTargetID = A07D40482C355C1B0058B04A;
					};
				};
			};
			buildConfigurationList = A07D40442C355C1B0058B04A /* Build configuration list for PBXProject "Cripto-Swift" */;
			compatibilityVersion = "Xcode 14.0";
			developmentRegion = en;
			hasScannedForEncodings = 0;
			knownRegions = (
				en,
				Base,
			);
			mainGroup = A07D40402C355C1B0058B04A;
			packageReferences = (
				A07D408F2C369B5B0058B04A /* XCRemoteSwiftPackageReference "Kingfisher" */,
			);
			productRefGroup = A07D404A2C355C1B0058B04A /* Products */;
			projectDirPath = "";
			projectRoot = "";
			targets = (
				A07D40482C355C1B0058B04A /* Cripto-Swift */,
				A07D40582C355C1D0058B04A /* Cripto-SwiftTests */,
				A07D40622C355C1D0058B04A /* Cripto-SwiftUITests */,
			);
		};
/* End PBXProject section */

/* Begin PBXResourcesBuildPhase section */
		A07D40472C355C1B0058B04A /* Resources */ = {
			isa = PBXResourcesBuildPhase;
			buildActionMask = 2147483647;
			files = (
				A07D40542C355C1D0058B04A /* Preview Assets.xcassets in Resources */,
				A07D40512C355C1D0058B04A /* Assets.xcassets in Resources */,
			);
			runOnlyForDeploymentPostprocessing = 0;
		};
		A07D40572C355C1D0058B04A /* Resources */ = {
			isa = PBXResourcesBuildPhase;
			buildActionMask = 2147483647;
			files = (
			);
			runOnlyForDeploymentPostprocessing = 0;
		};
		A07D40612C355C1D0058B04A /* Resources */ = {
			isa = PBXResourcesBuildPhase;
			buildActionMask = 2147483647;
			files = (
			);
			runOnlyForDeploymentPostprocessing = 0;
		};
/* End PBXResourcesBuildPhase section */

/* Begin PBXSourcesBuildPhase section */
		A07D40452C355C1B0058B04A /* Sources */ = {
			isa = PBXSourcesBuildPhase;
			buildActionMask = 2147483647;
			files = (
				A07D408E2C3580110058B04A /* Coin.swift in Sources */,
				A07D40802C355CB70058B04A /* HomeView.swift in Sources */,
				A07D408A2C3564930058B04A /* CoinListRowView.swift in Sources */,
				A07D40882C3564820058B04A /* CoinListView.swift in Sources */,
				A07D404F2C355C1B0058B04A /* ContentView.swift in Sources */,
				A07D40932C369F0C0058B04A /* Double+Extention.swift in Sources */,
				A07D40842C355DDF0058B04A /* TopMoversView.swift in Sources */,
				A07D40862C355DF00058B04A /* TopMoversItemView.swift in Sources */,
				A07D404D2C355C1B0058B04A /* Cripto_SwiftApp.swift in Sources */,
				A07D40822C355CCE0058B04A /* HomeViewModel.swift in Sources */,
				A07D408C2C357D0B0058B04A /* Constants.swift in Sources */,
			);
			runOnlyForDeploymentPostprocessing = 0;
		};
		A07D40552C355C1D0058B04A /* Sources */ = {
			isa = PBXSourcesBuildPhase;
			buildActionMask = 2147483647;
			files = (
				A07D405E2C355C1D0058B04A /* Cripto_SwiftTests.swift in Sources */,
			);
			runOnlyForDeploymentPostprocessing = 0;
		};
		A07D405F2C355C1D0058B04A /* Sources */ = {
			isa = PBXSourcesBuildPhase;
			buildActionMask = 2147483647;
			files = (
				A07D40682C355C1D0058B04A /* Cripto_SwiftUITests.swift in Sources */,
				A07D406A2C355C1D0058B04A /* Cripto_SwiftUITestsLaunchTests.swift in Sources */,
			);
			runOnlyForDeploymentPostprocessing = 0;
		};
/* End PBXSourcesBuildPhase section */

/* Begin PBXTargetDependency section */
		A07D405B2C355C1D0058B04A /* PBXTargetDependency */ = {
			isa = PBXTargetDependency;
			target = A07D40482C355C1B0058B04A /* Cripto-Swift */;
			targetProxy = A07D405A2C355C1D0058B04A /* PBXContainerItemProxy */;
		};
		A07D40652C355C1D0058B04A /* PBXTargetDependency */ = {
			isa = PBXTargetDependency;
			target = A07D40482C355C1B0058B04A /* Cripto-Swift */;
			targetProxy = A07D40642C355C1D0058B04A /* PBXContainerItemProxy */;
		};
/* End PBXTargetDependency section */

/* Begin XCBuildConfiguration section */
		A07D406B2C355C1D0058B04A /* Debug */ = {
			isa = XCBuildConfiguration;
			buildSettings = {
				ALWAYS_SEARCH_USER_PATHS = NO;
				ASSETCATALOG_COMPILER_GENERATE_SWIFT_ASSET_SYMBOL_EXTENSIONS = YES;
				CLANG_ANALYZER_NONNULL = YES;
				CLANG_ANALYZER_NUMBER_OBJECT_CONVERSION = YES_AGGRESSIVE;
				CLANG_CXX_LANGUAGE_STANDARD = "gnu++20";
				CLANG_ENABLE_MODULES = YES;
				CLANG_ENABLE_OBJC_ARC = YES;
				CLANG_ENABLE_OBJC_WEAK = YES;
				CLANG_WARN_BLOCK_CAPTURE_AUTORELEASING = YES;
				CLANG_WARN_BOOL_CONVERSION = YES;
				CLANG_WARN_COMMA = YES;
				CLANG_WARN_CONSTANT_CONVERSION = YES;
				CLANG_WARN_DEPRECATED_OBJC_IMPLEMENTATIONS = YES;
				CLANG_WARN_DIRECT_OBJC_ISA_USAGE = YES_ERROR;
				CLANG_WARN_DOCUMENTATION_COMMENTS = YES;
				CLANG_WARN_EMPTY_BODY = YES;
				CLANG_WARN_ENUM_CONVERSION = YES;
				CLANG_WARN_INFINITE_RECURSION = YES;
				CLANG_WARN_INT_CONVERSION = YES;
				CLANG_WARN_NON_LITERAL_NULL_CONVERSION = YES;
				CLANG_WARN_OBJC_IMPLICIT_RETAIN_SELF = YES;
				CLANG_WARN_OBJC_LITERAL_CONVERSION = YES;
				CLANG_WARN_OBJC_ROOT_CLASS = YES_ERROR;
				CLANG_WARN_QUOTED_INCLUDE_IN_FRAMEWORK_HEADER = YES;
				CLANG_WARN_RANGE_LOOP_ANALYSIS = YES;
				CLANG_WARN_STRICT_PROTOTYPES = YES;
				CLANG_WARN_SUSPICIOUS_MOVE = YES;
				CLANG_WARN_UNGUARDED_AVAILABILITY = YES_AGGRESSIVE;
				CLANG_WARN_UNREACHABLE_CODE = YES;
				CLANG_WARN__DUPLICATE_METHOD_MATCH = YES;
				COPY_PHASE_STRIP = NO;
				DEBUG_INFORMATION_FORMAT = dwarf;
				ENABLE_STRICT_OBJC_MSGSEND = YES;
				ENABLE_TESTABILITY = YES;
				ENABLE_USER_SCRIPT_SANDBOXING = YES;
				GCC_C_LANGUAGE_STANDARD = gnu17;
				GCC_DYNAMIC_NO_PIC = NO;
				GCC_NO_COMMON_BLOCKS = YES;
				GCC_OPTIMIZATION_LEVEL = 0;
				GCC_PREPROCESSOR_DEFINITIONS = (
					"DEBUG=1",
					"$(inherited)",
				);
				GCC_WARN_64_TO_32_BIT_CONVERSION = YES;
				GCC_WARN_ABOUT_RETURN_TYPE = YES_ERROR;
				GCC_WARN_UNDECLARED_SELECTOR = YES;
				GCC_WARN_UNINITIALIZED_AUTOS = YES_AGGRESSIVE;
				GCC_WARN_UNUSED_FUNCTION = YES;
				GCC_WARN_UNUSED_VARIABLE = YES;
				IPHONEOS_DEPLOYMENT_TARGET = 17.5;
				LOCALIZATION_PREFERS_STRING_CATALOGS = YES;
				MTL_ENABLE_DEBUG_INFO = INCLUDE_SOURCE;
				MTL_FAST_MATH = YES;
				ONLY_ACTIVE_ARCH = YES;
				SDKROOT = iphoneos;
				SWIFT_ACTIVE_COMPILATION_CONDITIONS = "DEBUG $(inherited)";
				SWIFT_OPTIMIZATION_LEVEL = "-Onone";
			};
			name = Debug;
		};
		A07D406C2C355C1D0058B04A /* Release */ = {
			isa = XCBuildConfiguration;
			buildSettings = {
				ALWAYS_SEARCH_USER_PATHS = NO;
				ASSETCATALOG_COMPILER_GENERATE_SWIFT_ASSET_SYMBOL_EXTENSIONS = YES;
				CLANG_ANALYZER_NONNULL = YES;
				CLANG_ANALYZER_NUMBER_OBJECT_CONVERSION = YES_AGGRESSIVE;
				CLANG_CXX_LANGUAGE_STANDARD = "gnu++20";
				CLANG_ENABLE_MODULES = YES;
				CLANG_ENABLE_OBJC_ARC = YES;
				CLANG_ENABLE_OBJC_WEAK = YES;
				CLANG_WARN_BLOCK_CAPTURE_AUTORELEASING = YES;
				CLANG_WARN_BOOL_CONVERSION = YES;
				CLANG_WARN_COMMA = YES;
				CLANG_WARN_CONSTANT_CONVERSION = YES;
				CLANG_WARN_DEPRECATED_OBJC_IMPLEMENTATIONS = YES;
				CLANG_WARN_DIRECT_OBJC_ISA_USAGE = YES_ERROR;
				CLANG_WARN_DOCUMENTATION_COMMENTS = YES;
				CLANG_WARN_EMPTY_BODY = YES;
				CLANG_WARN_ENUM_CONVERSION = YES;
				CLANG_WARN_INFINITE_RECURSION = YES;
				CLANG_WARN_INT_CONVERSION = YES;
				CLANG_WARN_NON_LITERAL_NULL_CONVERSION = YES;
				CLANG_WARN_OBJC_IMPLICIT_RETAIN_SELF = YES;
				CLANG_WARN_OBJC_LITERAL_CONVERSION = YES;
				CLANG_WARN_OBJC_ROOT_CLASS = YES_ERROR;
				CLANG_WARN_QUOTED_INCLUDE_IN_FRAMEWORK_HEADER = YES;
				CLANG_WARN_RANGE_LOOP_ANALYSIS = YES;
				CLANG_WARN_STRICT_PROTOTYPES = YES;
				CLANG_WARN_SUSPICIOUS_MOVE = YES;
				CLANG_WARN_UNGUARDED_AVAILABILITY = YES_AGGRESSIVE;
				CLANG_WARN_UNREACHABLE_CODE = YES;
				CLANG_WARN__DUPLICATE_METHOD_MATCH = YES;
				COPY_PHASE_STRIP = NO;
				DEBUG_INFORMATION_FORMAT = "dwarf-with-dsym";
				ENABLE_NS_ASSERTIONS = NO;
				ENABLE_STRICT_OBJC_MSGSEND = YES;
				ENABLE_USER_SCRIPT_SANDBOXING = YES;
				GCC_C_LANGUAGE_STANDARD = gnu17;
				GCC_NO_COMMON_BLOCKS = YES;
				GCC_WARN_64_TO_32_BIT_CONVERSION = YES;
				GCC_WARN_ABOUT_RETURN_TYPE = YES_ERROR;
				GCC_WARN_UNDECLARED_SELECTOR = YES;
				GCC_WARN_UNINITIALIZED_AUTOS = YES_AGGRESSIVE;
				GCC_WARN_UNUSED_FUNCTION = YES;
				GCC_WARN_UNUSED_VARIABLE = YES;
				IPHONEOS_DEPLOYMENT_TARGET = 17.5;
				LOCALIZATION_PREFERS_STRING_CATALOGS = YES;
				MTL_ENABLE_DEBUG_INFO = NO;
				MTL_FAST_MATH = YES;
				SDKROOT = iphoneos;
				SWIFT_COMPILATION_MODE = wholemodule;
				VALIDATE_PRODUCT = YES;
			};
			name = Release;
		};
		A07D406E2C355C1D0058B04A /* Debug */ = {
			isa = XCBuildConfiguration;
			buildSettings = {
				ASSETCATALOG_COMPILER_APPICON_NAME = AppIcon;
				ASSETCATALOG_COMPILER_GLOBAL_ACCENT_COLOR_NAME = AccentColor;
				CODE_SIGN_STYLE = Automatic;
				CURRENT_PROJECT_VERSION = 1;
				DEVELOPMENT_ASSET_PATHS = "\"Cripto-Swift/Preview Content\"";
				DEVELOPMENT_TEAM = 93FK67534U;
				ENABLE_PREVIEWS = YES;
				GENERATE_INFOPLIST_FILE = YES;
				INFOPLIST_KEY_UIApplicationSceneManifest_Generation = YES;
				INFOPLIST_KEY_UIApplicationSupportsIndirectInputEvents = YES;
				INFOPLIST_KEY_UILaunchScreen_Generation = YES;
				INFOPLIST_KEY_UISupportedInterfaceOrientations_iPad = "UIInterfaceOrientationPortrait UIInterfaceOrientationPortraitUpsideDown UIInterfaceOrientationLandscapeLeft UIInterfaceOrientationLandscapeRight";
				INFOPLIST_KEY_UISupportedInterfaceOrientations_iPhone = "UIInterfaceOrientationPortrait UIInterfaceOrientationLandscapeLeft UIInterfaceOrientationLandscapeRight";
				LD_RUNPATH_SEARCH_PATHS = (
					"$(inherited)",
					"@executable_path/Frameworks",
				);
				MARKETING_VERSION = 1.0;
				PRODUCT_BUNDLE_IDENTIFIER = "com.fz.Cripto-Swift";
				PRODUCT_NAME = "$(TARGET_NAME)";
				SWIFT_EMIT_LOC_STRINGS = YES;
				SWIFT_VERSION = 5.0;
				TARGETED_DEVICE_FAMILY = "1,2";
			};
			name = Debug;
		};
		A07D406F2C355C1D0058B04A /* Release */ = {
			isa = XCBuildConfiguration;
			buildSettings = {
				ASSETCATALOG_COMPILER_APPICON_NAME = AppIcon;
				ASSETCATALOG_COMPILER_GLOBAL_ACCENT_COLOR_NAME = AccentColor;
				CODE_SIGN_STYLE = Automatic;
				CURRENT_PROJECT_VERSION = 1;
				DEVELOPMENT_ASSET_PATHS = "\"Cripto-Swift/Preview Content\"";
				DEVELOPMENT_TEAM = 93FK67534U;
				ENABLE_PREVIEWS = YES;
				GENERATE_INFOPLIST_FILE = YES;
				INFOPLIST_KEY_UIApplicationSceneManifest_Generation = YES;
				INFOPLIST_KEY_UIApplicationSupportsIndirectInputEvents = YES;
				INFOPLIST_KEY_UILaunchScreen_Generation = YES;
				INFOPLIST_KEY_UISupportedInterfaceOrientations_iPad = "UIInterfaceOrientationPortrait UIInterfaceOrientationPortraitUpsideDown UIInterfaceOrientationLandscapeLeft UIInterfaceOrientationLandscapeRight";
				INFOPLIST_KEY_UISupportedInterfaceOrientations_iPhone = "UIInterfaceOrientationPortrait UIInterfaceOrientationLandscapeLeft UIInterfaceOrientationLandscapeRight";
				LD_RUNPATH_SEARCH_PATHS = (
					"$(inherited)",
					"@executable_path/Frameworks",
				);
				MARKETING_VERSION = 1.0;
				PRODUCT_BUNDLE_IDENTIFIER = "com.fz.Cripto-Swift";
				PRODUCT_NAME = "$(TARGET_NAME)";
				SWIFT_EMIT_LOC_STRINGS = YES;
				SWIFT_VERSION = 5.0;
				TARGETED_DEVICE_FAMILY = "1,2";
			};
			name = Release;
		};
		A07D40712C355C1D0058B04A /* Debug */ = {
			isa = XCBuildConfiguration;
			buildSettings = {
				ALWAYS_EMBED_SWIFT_STANDARD_LIBRARIES = YES;
				BUNDLE_LOADER = "$(TEST_HOST)";
				CODE_SIGN_STYLE = Automatic;
				CURRENT_PROJECT_VERSION = 1;
				DEVELOPMENT_TEAM = 93FK67534U;
				GENERATE_INFOPLIST_FILE = YES;
				IPHONEOS_DEPLOYMENT_TARGET = 17.5;
				MARKETING_VERSION = 1.0;
				PRODUCT_BUNDLE_IDENTIFIER = "com.fz.Cripto-SwiftTests";
				PRODUCT_NAME = "$(TARGET_NAME)";
				SWIFT_EMIT_LOC_STRINGS = NO;
				SWIFT_VERSION = 5.0;
				TARGETED_DEVICE_FAMILY = "1,2";
				TEST_HOST = "$(BUILT_PRODUCTS_DIR)/Cripto-Swift.app/$(BUNDLE_EXECUTABLE_FOLDER_PATH)/Cripto-Swift";
			};
			name = Debug;
		};
		A07D40722C355C1D0058B04A /* Release */ = {
			isa = XCBuildConfiguration;
			buildSettings = {
				ALWAYS_EMBED_SWIFT_STANDARD_LIBRARIES = YES;
				BUNDLE_LOADER = "$(TEST_HOST)";
				CODE_SIGN_STYLE = Automatic;
				CURRENT_PROJECT_VERSION = 1;
				DEVELOPMENT_TEAM = 93FK67534U;
				GENERATE_INFOPLIST_FILE = YES;
				IPHONEOS_DEPLOYMENT_TARGET = 17.5;
				MARKETING_VERSION = 1.0;
				PRODUCT_BUNDLE_IDENTIFIER = "com.fz.Cripto-SwiftTests";
				PRODUCT_NAME = "$(TARGET_NAME)";
				SWIFT_EMIT_LOC_STRINGS = NO;
				SWIFT_VERSION = 5.0;
				TARGETED_DEVICE_FAMILY = "1,2";
				TEST_HOST = "$(BUILT_PRODUCTS_DIR)/Cripto-Swift.app/$(BUNDLE_EXECUTABLE_FOLDER_PATH)/Cripto-Swift";
			};
			name = Release;
		};
		A07D40742C355C1D0058B04A /* Debug */ = {
			isa = XCBuildConfiguration;
			buildSettings = {
				ALWAYS_EMBED_SWIFT_STANDARD_LIBRARIES = YES;
				CODE_SIGN_STYLE = Automatic;
				CURRENT_PROJECT_VERSION = 1;
				DEVELOPMENT_TEAM = 93FK67534U;
				GENERATE_INFOPLIST_FILE = YES;
				MARKETING_VERSION = 1.0;
				PRODUCT_BUNDLE_IDENTIFIER = "com.fz.Cripto-SwiftUITests";
				PRODUCT_NAME = "$(TARGET_NAME)";
				SWIFT_EMIT_LOC_STRINGS = NO;
				SWIFT_VERSION = 5.0;
				TARGETED_DEVICE_FAMILY = "1,2";
				TEST_TARGET_NAME = "Cripto-Swift";
			};
			name = Debug;
		};
		A07D40752C355C1D0058B04A /* Release */ = {
			isa = XCBuildConfiguration;
			buildSettings = {
				ALWAYS_EMBED_SWIFT_STANDARD_LIBRARIES = YES;
				CODE_SIGN_STYLE = Automatic;
				CURRENT_PROJECT_VERSION = 1;
				DEVELOPMENT_TEAM = 93FK67534U;
				GENERATE_INFOPLIST_FILE = YES;
				MARKETING_VERSION = 1.0;
				PRODUCT_BUNDLE_IDENTIFIER = "com.fz.Cripto-SwiftUITests";
				PRODUCT_NAME = "$(TARGET_NAME)";
				SWIFT_EMIT_LOC_STRINGS = NO;
				SWIFT_VERSION = 5.0;
				TARGETED_DEVICE_FAMILY = "1,2";
				TEST_TARGET_NAME = "Cripto-Swift";
			};
			name = Release;
		};
/* End XCBuildConfiguration section */

/* Begin XCConfigurationList section */
		A07D40442C355C1B0058B04A /* Build configuration list for PBXProject "Cripto-Swift" */ = {
			isa = XCConfigurationList;
			buildConfigurations = (
				A07D406B2C355C1D0058B04A /* Debug */,
				A07D406C2C355C1D0058B04A /* Release */,
			);
			defaultConfigurationIsVisible = 0;
			defaultConfigurationName = Release;
		};
		A07D406D2C355C1D0058B04A /* Build configuration list for PBXNativeTarget "Cripto-Swift" */ = {
			isa = XCConfigurationList;
			buildConfigurations = (
				A07D406E2C355C1D0058B04A /* Debug */,
				A07D406F2C355C1D0058B04A /* Release */,
			);
			defaultConfigurationIsVisible = 0;
			defaultConfigurationName = Release;
		};
		A07D40702C355C1D0058B04A /* Build configuration list for PBXNativeTarget "Cripto-SwiftTests" */ = {
			isa = XCConfigurationList;
			buildConfigurations = (
				A07D40712C355C1D0058B04A /* Debug */,
				A07D40722C355C1D0058B04A /* Release */,
			);
			defaultConfigurationIsVisible = 0;
			defaultConfigurationName = Release;
		};
		A07D40732C355C1D0058B04A /* Build configuration list for PBXNativeTarget "Cripto-SwiftUITests" */ = {
			isa = XCConfigurationList;
			buildConfigurations = (
				A07D40742C355C1D0058B04A /* Debug */,
				A07D40752C355C1D0058B04A /* Release */,
			);
			defaultConfigurationIsVisible = 0;
			defaultConfigurationName = Release;
		};
/* End XCConfigurationList section */

/* Begin XCRemoteSwiftPackageReference section */
		A07D408F2C369B5B0058B04A /* XCRemoteSwiftPackageReference "Kingfisher" */ = {
			isa = XCRemoteSwiftPackageReference;
			repositoryURL = "https://github.com/onevcat/Kingfisher";
			requirement = {
				kind = upToNextMajorVersion;
				minimumVersion = 7.12.0;
			};
		};
/* End XCRemoteSwiftPackageReference section */

/* Begin XCSwiftPackageProductDependency section */
		A07D40902C369B5B0058B04A /* Kingfisher */ = {
			isa = XCSwiftPackageProductDependency;
			package = A07D408F2C369B5B0058B04A /* XCRemoteSwiftPackageReference "Kingfisher" */;
			productName = Kingfisher;
		};
/* End XCSwiftPackageProductDependency section */
	};
	rootObject = A07D40412C355C1B0058B04A /* Project object */;
}
